// !$*UTF8*$!
{
	archiveVersion = 1;
	classes = {
	};
	objectVersion = 56;
	objects = {

/* Begin PBXBuildFile section */
		AD8791122B2E1D2700CCCD40 /* AnimationSwiftUIApp.swift in Sources */ = {isa = PBXBuildFile; fileRef = AD8791112B2E1D2700CCCD40 /* AnimationSwiftUIApp.swift */; };
		AD8791142B2E1D2700CCCD40 /* ContentView.swift in Sources */ = {isa = PBXBuildFile; fileRef = AD8791132B2E1D2700CCCD40 /* ContentView.swift */; };
		AD8791162B2E1D2800CCCD40 /* Assets.xcassets in Resources */ = {isa = PBXBuildFile; fileRef = AD8791152B2E1D2800CCCD40 /* Assets.xcassets */; };
		AD8791192B2E1D2800CCCD40 /* Preview Assets.xcassets in Resources */ = {isa = PBXBuildFile; fileRef = AD8791182B2E1D2800CCCD40 /* Preview Assets.xcassets */; };
		AD8791202B2E1D5100CCCD40 /* View.swift in Sources */ = {isa = PBXBuildFile; fileRef = AD87911F2B2E1D5100CCCD40 /* View.swift */; };
		AD8791222B2E23FB00CCCD40 /* Particle.swift in Sources */ = {isa = PBXBuildFile; fileRef = AD8791212B2E23FB00CCCD40 /* Particle.swift */; };
		AD8791242B2E24BB00CCCD40 /* ParticleEffect.swift in Sources */ = {isa = PBXBuildFile; fileRef = AD8791232B2E24BB00CCCD40 /* ParticleEffect.swift */; };
/* End PBXBuildFile section */

/* Begin PBXFileReference section */
		AD87910E2B2E1D2700CCCD40 /* AnimationSwiftUI.app */ = {isa = PBXFileReference; explicitFileType = wrapper.application; includeInIndex = 0; path = AnimationSwiftUI.app; sourceTree = BUILT_PRODUCTS_DIR; };
		AD8791112B2E1D2700CCCD40 /* AnimationSwiftUIApp.swift */ = {isa = PBXFileReference; lastKnownFileType = sourcecode.swift; path = AnimationSwiftUIApp.swift; sourceTree = "<group>"; };
		AD8791132B2E1D2700CCCD40 /* ContentView.swift */ = {isa = PBXFileReference; lastKnownFileType = sourcecode.swift; path = ContentView.swift; sourceTree = "<group>"; };
		AD8791152B2E1D2800CCCD40 /* Assets.xcassets */ = {isa = PBXFileReference; lastKnownFileType = folder.assetcatalog; path = Assets.xcassets; sourceTree = "<group>"; };
		AD8791182B2E1D2800CCCD40 /* Preview Assets.xcassets */ = {isa = PBXFileReference; lastKnownFileType = folder.assetcatalog; path = "Preview Assets.xcassets"; sourceTree = "<group>"; };
		AD87911F2B2E1D5100CCCD40 /* View.swift */ = {isa = PBXFileReference; lastKnownFileType = sourcecode.swift; path = View.swift; sourceTree = "<group>"; };
		AD8791212B2E23FB00CCCD40 /* Particle.swift */ = {isa = PBXFileReference; lastKnownFileType = sourcecode.swift; path = Particle.swift; sourceTree = "<group>"; };
		AD8791232B2E24BB00CCCD40 /* ParticleEffect.swift */ = {isa = PBXFileReference; lastKnownFileType = sourcecode.swift; path = ParticleEffect.swift; sourceTree = "<group>"; };
/* End PBXFileReference section */

/* Begin PBXFrameworksBuildPhase section */
		AD87910B2B2E1D2700CCCD40 /* Frameworks */ = {
			isa = PBXFrameworksBuildPhase;
			buildActionMask = 2147483647;
			files = (
			);
			runOnlyForDeploymentPostprocessing = 0;
		};
/* End PBXFrameworksBuildPhase section */

/* Begin PBXGroup section */
		AD8791052B2E1D2700CCCD40 = {
			isa = PBXGroup;
			children = (
				AD8791102B2E1D2700CCCD40 /* AnimationSwiftUI */,
				AD87910F2B2E1D2700CCCD40 /* Products */,
			);
			sourceTree = "<group>";
		};
		AD87910F2B2E1D2700CCCD40 /* Products */ = {
			isa = PBXGroup;
			children = (
				AD87910E2B2E1D2700CCCD40 /* AnimationSwiftUI.app */,
			);
			name = Products;
			sourceTree = "<group>";
		};
		AD8791102B2E1D2700CCCD40 /* AnimationSwiftUI */ = {
			isa = PBXGroup;
			children = (
				AD8791272B2E38A900CCCD40 /* ContentView */,
				AD8791262B2E387400CCCD40 /* View */,
				AD8791252B2E386600CCCD40 /* Model */,
				AD8791112B2E1D2700CCCD40 /* AnimationSwiftUIApp.swift */,
				AD8791152B2E1D2800CCCD40 /* Assets.xcassets */,
				AD8791172B2E1D2800CCCD40 /* Preview Content */,
			);
			path = AnimationSwiftUI;
			sourceTree = "<group>";
		};
		AD8791172B2E1D2800CCCD40 /* Preview Content */ = {
			isa = PBXGroup;
			children = (
				AD8791182B2E1D2800CCCD40 /* Preview Assets.xcassets */,
			);
			path = "Preview Content";
			sourceTree = "<group>";
		};
		AD8791252B2E386600CCCD40 /* Model */ = {
			isa = PBXGroup;
			children = (
				AD8791212B2E23FB00CCCD40 /* Particle.swift */,
			);
			path = Model;
			sourceTree = "<group>";
		};
		AD8791262B2E387400CCCD40 /* View */ = {
			isa = PBXGroup;
			children = (
				AD87911F2B2E1D5100CCCD40 /* View.swift */,
				AD8791232B2E24BB00CCCD40 /* ParticleEffect.swift */,
			);
			path = View;
			sourceTree = "<group>";
		};
		AD8791272B2E38A900CCCD40 /* ContentView */ = {
			isa = PBXGroup;
			children = (
				AD8791132B2E1D2700CCCD40 /* ContentView.swift */,
			);
			path = ContentView;
			sourceTree = "<group>";
		};
/* End PBXGroup section */

/* Begin PBXNativeTarget section */
		AD87910D2B2E1D2700CCCD40 /* AnimationSwiftUI */ = {
			isa = PBXNativeTarget;
			buildConfigurationList = AD87911C2B2E1D2800CCCD40 /* Build configuration list for PBXNativeTarget "AnimationSwiftUI" */;
			buildPhases = (
				AD87910A2B2E1D2700CCCD40 /* Sources */,
				AD87910B2B2E1D2700CCCD40 /* Frameworks */,
				AD87910C2B2E1D2700CCCD40 /* Resources */,
			);
			buildRules = (
			);
			dependencies = (
			);
			name = AnimationSwiftUI;
			productName = AnimationSwiftUI;
			productReference = AD87910E2B2E1D2700CCCD40 /* AnimationSwiftUI.app */;
			productType = "com.apple.product-type.application";
		};
/* End PBXNativeTarget section */

/* Begin PBXProject section */
		AD8791062B2E1D2700CCCD40 /* Project object */ = {
			isa = PBXProject;
			attributes = {
				BuildIndependentTargetsInParallel = 1;
				LastSwiftUpdateCheck = 1500;
				LastUpgradeCheck = 1500;
				TargetAttributes = {
					AD87910D2B2E1D2700CCCD40 = {
						CreatedOnToolsVersion = 15.0.1;
					};
				};
			};
			buildConfigurationList = AD8791092B2E1D2700CCCD40 /* Build configuration list for PBXProject "AnimationSwiftUI" */;
			compatibilityVersion = "Xcode 14.0";
			developmentRegion = en;
			hasScannedForEncodings = 0;
			knownRegions = (
				en,
				Base,
			);
			mainGroup = AD8791052B2E1D2700CCCD40;
			productRefGroup = AD87910F2B2E1D2700CCCD40 /* Products */;
			projectDirPath = "";
			projectRoot = "";
			targets = (
				AD87910D2B2E1D2700CCCD40 /* AnimationSwiftUI */,
			);
		};
/* End PBXProject section */

/* Begin PBXResourcesBuildPhase section */
		AD87910C2B2E1D2700CCCD40 /* Resources */ = {
			isa = PBXResourcesBuildPhase;
			buildActionMask = 2147483647;
			files = (
				AD8791192B2E1D2800CCCD40 /* Preview Assets.xcassets in Resources */,
				AD8791162B2E1D2800CCCD40 /* Assets.xcassets in Resources */,
			);
			runOnlyForDeploymentPostprocessing = 0;
		};
/* End PBXResourcesBuildPhase section */

/* Begin PBXSourcesBuildPhase section */
		AD87910A2B2E1D2700CCCD40 /* Sources */ = {
			isa = PBXSourcesBuildPhase;
			buildActionMask = 2147483647;
			files = (
				AD8791142B2E1D2700CCCD40 /* ContentView.swift in Sources */,
				AD8791222B2E23FB00CCCD40 /* Particle.swift in Sources */,
				AD8791122B2E1D2700CCCD40 /* AnimationSwiftUIApp.swift in Sources */,
				AD8791202B2E1D5100CCCD40 /* View.swift in Sources */,
				AD8791242B2E24BB00CCCD40 /* ParticleEffect.swift in Sources */,
			);
			runOnlyForDeploymentPostprocessing = 0;
		};
/* End PBXSourcesBuildPhase section */

/* Begin XCBuildConfiguration section */
		AD87911A2B2E1D2800CCCD40 /* Debug */ = {
			isa = XCBuildConfiguration;
			buildSettings = {
				ALWAYS_SEARCH_USER_PATHS = NO;
				ASSETCATALOG_COMPILER_GENERATE_SWIFT_ASSET_SYMBOL_EXTENSIONS = YES;
				CLANG_ANALYZER_NONNULL = YES;
				CLANG_ANALYZER_NUMBER_OBJECT_CONVERSION = YES_AGGRESSIVE;
				CLANG_CXX_LANGUAGE_STANDARD = "gnu++20";
				CLANG_ENABLE_MODULES = YES;
				CLANG_ENABLE_OBJC_ARC = YES;
				CLANG_ENABLE_OBJC_WEAK = YES;
				CLANG_WARN_BLOCK_CAPTURE_AUTORELEASING = YES;
				CLANG_WARN_BOOL_CONVERSION = YES;
				CLANG_WARN_COMMA = YES;
				CLANG_WARN_CONSTANT_CONVERSION = YES;
				CLANG_WARN_DEPRECATED_OBJC_IMPLEMENTATIONS = YES;
				CLANG_WARN_DIRECT_OBJC_ISA_USAGE = YES_ERROR;
				CLANG_WARN_DOCUMENTATION_COMMENTS = YES;
				CLANG_WARN_EMPTY_BODY = YES;
				CLANG_WARN_ENUM_CONVERSION = YES;
				CLANG_WARN_INFINITE_RECURSION = YES;
				CLANG_WARN_INT_CONVERSION = YES;
				CLANG_WARN_NON_LITERAL_NULL_CONVERSION = YES;
				CLANG_WARN_OBJC_IMPLICIT_RETAIN_SELF = YES;
				CLANG_WARN_OBJC_LITERAL_CONVERSION = YES;
				CLANG_WARN_OBJC_ROOT_CLASS = YES_ERROR;
				CLANG_WARN_QUOTED_INCLUDE_IN_FRAMEWORK_HEADER = YES;
				CLANG_WARN_RANGE_LOOP_ANALYSIS = YES;
				CLANG_WARN_STRICT_PROTOTYPES = YES;
				CLANG_WARN_SUSPICIOUS_MOVE = YES;
				CLANG_WARN_UNGUARDED_AVAILABILITY = YES_AGGRESSIVE;
				CLANG_WARN_UNREACHABLE_CODE = YES;
				CLANG_WARN__DUPLICATE_METHOD_MATCH = YES;
				COPY_PHASE_STRIP = NO;
				DEBUG_INFORMATION_FORMAT = dwarf;
				ENABLE_STRICT_OBJC_MSGSEND = YES;
				ENABLE_TESTABILITY = YES;
				ENABLE_USER_SCRIPT_SANDBOXING = YES;
				GCC_C_LANGUAGE_STANDARD = gnu17;
				GCC_DYNAMIC_NO_PIC = NO;
				GCC_NO_COMMON_BLOCKS = YES;
				GCC_OPTIMIZATION_LEVEL = 0;
				GCC_PREPROCESSOR_DEFINITIONS = (
					"DEBUG=1",
					"$(inherited)",
				);
				GCC_WARN_64_TO_32_BIT_CONVERSION = YES;
				GCC_WARN_ABOUT_RETURN_TYPE = YES_ERROR;
				GCC_WARN_UNDECLARED_SELECTOR = YES;
				GCC_WARN_UNINITIALIZED_AUTOS = YES_AGGRESSIVE;
				GCC_WARN_UNUSED_FUNCTION = YES;
				GCC_WARN_UNUSED_VARIABLE = YES;
				IPHONEOS_DEPLOYMENT_TARGET = 17.0;
				LOCALIZATION_PREFERS_STRING_CATALOGS = YES;
				MTL_ENABLE_DEBUG_INFO = INCLUDE_SOURCE;
				MTL_FAST_MATH = YES;
				ONLY_ACTIVE_ARCH = YES;
				SDKROOT = iphoneos;
				SWIFT_ACTIVE_COMPILATION_CONDITIONS = "DEBUG $(inherited)";
				SWIFT_OPTIMIZATION_LEVEL = "-Onone";
			};
			name = Debug;
		};
		AD87911B2B2E1D2800CCCD40 /* Release */ = {
			isa = XCBuildConfiguration;
			buildSettings = {
				ALWAYS_SEARCH_USER_PATHS = NO;
				ASSETCATALOG_COMPILER_GENERATE_SWIFT_ASSET_SYMBOL_EXTENSIONS = YES;
				CLANG_ANALYZER_NONNULL = YES;
				CLANG_ANALYZER_NUMBER_OBJECT_CONVERSION = YES_AGGRESSIVE;
				CLANG_CXX_LANGUAGE_STANDARD = "gnu++20";
				CLANG_ENABLE_MODULES = YES;
				CLANG_ENABLE_OBJC_ARC = YES;
				CLANG_ENABLE_OBJC_WEAK = YES;
				CLANG_WARN_BLOCK_CAPTURE_AUTORELEASING = YES;
				CLANG_WARN_BOOL_CONVERSION = YES;
				CLANG_WARN_COMMA = YES;
				CLANG_WARN_CONSTANT_CONVERSION = YES;
				CLANG_WARN_DEPRECATED_OBJC_IMPLEMENTATIONS = YES;
				CLANG_WARN_DIRECT_OBJC_ISA_USAGE = YES_ERROR;
				CLANG_WARN_DOCUMENTATION_COMMENTS = YES;
				CLANG_WARN_EMPTY_BODY = YES;
				CLANG_WARN_ENUM_CONVERSION = YES;
				CLANG_WARN_INFINITE_RECURSION = YES;
				CLANG_WARN_INT_CONVERSION = YES;
				CLANG_WARN_NON_LITERAL_NULL_CONVERSION = YES;
				CLANG_WARN_OBJC_IMPLICIT_RETAIN_SELF = YES;
				CLANG_WARN_OBJC_LITERAL_CONVERSION = YES;
				CLANG_WARN_OBJC_ROOT_CLASS = YES_ERROR;
				CLANG_WARN_QUOTED_INCLUDE_IN_FRAMEWORK_HEADER = YES;
				CLANG_WARN_RANGE_LOOP_ANALYSIS = YES;
				CLANG_WARN_STRICT_PROTOTYPES = YES;
				CLANG_WARN_SUSPICIOUS_MOVE = YES;
				CLANG_WARN_UNGUARDED_AVAILABILITY = YES_AGGRESSIVE;
				CLANG_WARN_UNREACHABLE_CODE = YES;
				CLANG_WARN__DUPLICATE_METHOD_MATCH = YES;
				COPY_PHASE_STRIP = NO;
				DEBUG_INFORMATION_FORMAT = "dwarf-with-dsym";
				ENABLE_NS_ASSERTIONS = NO;
				ENABLE_STRICT_OBJC_MSGSEND = YES;
				ENABLE_USER_SCRIPT_SANDBOXING = YES;
				GCC_C_LANGUAGE_STANDARD = gnu17;
				GCC_NO_COMMON_BLOCKS = YES;
				GCC_WARN_64_TO_32_BIT_CONVERSION = YES;
				GCC_WARN_ABOUT_RETURN_TYPE = YES_ERROR;
				GCC_WARN_UNDECLARED_SELECTOR = YES;
				GCC_WARN_UNINITIALIZED_AUTOS = YES_AGGRESSIVE;
				GCC_WARN_UNUSED_FUNCTION = YES;
				GCC_WARN_UNUSED_VARIABLE = YES;
				IPHONEOS_DEPLOYMENT_TARGET = 17.0;
				LOCALIZATION_PREFERS_STRING_CATALOGS = YES;
				MTL_ENABLE_DEBUG_INFO = NO;
				MTL_FAST_MATH = YES;
				SDKROOT = iphoneos;
				SWIFT_COMPILATION_MODE = wholemodule;
				VALIDATE_PRODUCT = YES;
			};
			name = Release;
		};
		AD87911D2B2E1D2800CCCD40 /* Debug */ = {
			isa = XCBuildConfiguration;
			buildSettings = {
				ASSETCATALOG_COMPILER_APPICON_NAME = AppIcon;
				ASSETCATALOG_COMPILER_GLOBAL_ACCENT_COLOR_NAME = AccentColor;
				CODE_SIGN_STYLE = Automatic;
				CURRENT_PROJECT_VERSION = 1;
				DEVELOPMENT_ASSET_PATHS = "\"AnimationSwiftUI/Preview Content\"";
				DEVELOPMENT_TEAM = GP3QLAVDU7;
				ENABLE_PREVIEWS = YES;
				GENERATE_INFOPLIST_FILE = YES;
				INFOPLIST_KEY_UIApplicationSceneManifest_Generation = YES;
				INFOPLIST_KEY_UIApplicationSupportsIndirectInputEvents = YES;
				INFOPLIST_KEY_UILaunchScreen_Generation = YES;
				INFOPLIST_KEY_UISupportedInterfaceOrientations_iPad = "UIInterfaceOrientationPortrait UIInterfaceOrientationPortraitUpsideDown UIInterfaceOrientationLandscapeLeft UIInterfaceOrientationLandscapeRight";
				INFOPLIST_KEY_UISupportedInterfaceOrientations_iPhone = "UIInterfaceOrientationPortrait UIInterfaceOrientationLandscapeLeft UIInterfaceOrientationLandscapeRight";
				LD_RUNPATH_SEARCH_PATHS = (
					"$(inherited)",
					"@executable_path/Frameworks",
				);
				MARKETING_VERSION = 1.0;
				PRODUCT_BUNDLE_IDENTIFIER = com.aleynakahyaoglu.AnimationSwiftUI;
				PRODUCT_NAME = "$(TARGET_NAME)";
				SWIFT_EMIT_LOC_STRINGS = YES;
				SWIFT_VERSION = 5.0;
				TARGETED_DEVICE_FAMILY = "1,2";
			};
			name = Debug;
		};
		AD87911E2B2E1D2800CCCD40 /* Release */ = {
			isa = XCBuildConfiguration;
			buildSettings = {
				ASSETCATALOG_COMPILER_APPICON_NAME = AppIcon;
				ASSETCATALOG_COMPILER_GLOBAL_ACCENT_COLOR_NAME = AccentColor;
				CODE_SIGN_STYLE = Automatic;
				CURRENT_PROJECT_VERSION = 1;
				DEVELOPMENT_ASSET_PATHS = "\"AnimationSwiftUI/Preview Content\"";
				DEVELOPMENT_TEAM = GP3QLAVDU7;
				ENABLE_PREVIEWS = YES;
				GENERATE_INFOPLIST_FILE = YES;
				INFOPLIST_KEY_UIApplicationSceneManifest_Generation = YES;
				INFOPLIST_KEY_UIApplicationSupportsIndirectInputEvents = YES;
				INFOPLIST_KEY_UILaunchScreen_Generation = YES;
				INFOPLIST_KEY_UISupportedInterfaceOrientations_iPad = "UIInterfaceOrientationPortrait UIInterfaceOrientationPortraitUpsideDown UIInterfaceOrientationLandscapeLeft UIInterfaceOrientationLandscapeRight";
				INFOPLIST_KEY_UISupportedInterfaceOrientations_iPhone = "UIInterfaceOrientationPortrait UIInterfaceOrientationLandscapeLeft UIInterfaceOrientationLandscapeRight";
				LD_RUNPATH_SEARCH_PATHS = (
					"$(inherited)",
					"@executable_path/Frameworks",
				);
				MARKETING_VERSION = 1.0;
				PRODUCT_BUNDLE_IDENTIFIER = com.aleynakahyaoglu.AnimationSwiftUI;
				PRODUCT_NAME = "$(TARGET_NAME)";
				SWIFT_EMIT_LOC_STRINGS = YES;
				SWIFT_VERSION = 5.0;
				TARGETED_DEVICE_FAMILY = "1,2";
			};
			name = Release;
		};
/* End XCBuildConfiguration section */

/* Begin XCConfigurationList section */
		AD8791092B2E1D2700CCCD40 /* Build configuration list for PBXProject "AnimationSwiftUI" */ = {
			isa = XCConfigurationList;
			buildConfigurations = (
				AD87911A2B2E1D2800CCCD40 /* Debug */,
				AD87911B2B2E1D2800CCCD40 /* Release */,
			);
			defaultConfigurationIsVisible = 0;
			defaultConfigurationName = Release;
		};
		AD87911C2B2E1D2800CCCD40 /* Build configuration list for PBXNativeTarget "AnimationSwiftUI" */ = {
			isa = XCConfigurationList;
			buildConfigurations = (
				AD87911D2B2E1D2800CCCD40 /* Debug */,
				AD87911E2B2E1D2800CCCD40 /* Release */,
			);
			defaultConfigurationIsVisible = 0;
			defaultConfigurationName = Release;
		};
/* End XCConfigurationList section */
	};
	rootObject = AD8791062B2E1D2700CCCD40 /* Project object */;
}
